
Microsoft Visual Studio Solution File, Format Version 12.00
# Visual Studio Version 17
VisualStudioVersion = 17.11.35222.181
MinimumVisualStudioVersion = 10.0.40219.1
Project("{9A19103F-16F7-4668-BE54-9A1E7A4F7556}") = "LibraryManagementAPI", "LibraryManagementAPI\LibraryManagementAPI.csproj", "{09C2BFBB-56CC-4E12-97C1-AC6D063D9D68}"
EndProject
Project("{54A90642-561A-4BB1-A94E-469ADEE60C69}") = "frontend", "Frontend\frontend.esproj", "{F5C23843-1D4C-4F47-9BE8-8FC029E6D1EB}"
EndProject
Global
	GlobalSection(SolutionConfigurationPlatforms) = preSolution
		Debug|Any CPU = Debug|Any CPU
		Release|Any CPU = Release|Any CPU
	EndGlobalSection
	GlobalSection(ProjectConfigurationPlatforms) = postSolution
		{09C2BFBB-56CC-4E12-97C1-AC6D063D9D68}.Debug|Any CPU.ActiveCfg = Debug|Any CPU
		{09C2BFBB-56CC-4E12-97C1-AC6D063D9D68}.Debug|Any CPU.Build.0 = Debug|Any CPU
		{09C2BFBB-56CC-4E12-97C1-AC6D063D9D68}.Release|Any CPU.ActiveCfg = Release|Any CPU
		{09C2BFBB-56CC-4E12-97C1-AC6D063D9D68}.Release|Any CPU.Build.0 = Release|Any CPU
		{F5C23843-1D4C-4F47-9BE8-8FC029E6D1EB}.Debug|Any CPU.ActiveCfg = Debug|Any CPU
		{F5C23843-1D4C-4F47-9BE8-8FC029E6D1EB}.Debug|Any CPU.Build.0 = Debug|Any CPU
		{F5C23843-1D4C-4F47-9BE8-8FC029E6D1EB}.Debug|Any CPU.Deploy.0 = Debug|Any CPU
		{F5C23843-1D4C-4F47-9BE8-8FC029E6D1EB}.Release|Any CPU.ActiveCfg = Release|Any CPU
		{F5C23843-1D4C-4F47-9BE8-8FC029E6D1EB}.Release|Any CPU.Build.0 = Release|Any CPU
		{F5C23843-1D4C-4F47-9BE8-8FC029E6D1EB}.Release|Any CPU.Deploy.0 = Release|Any CPU
	EndGlobalSection
	GlobalSection(SolutionProperties) = preSolution
		HideSolutionNode = FALSE
	EndGlobalSection
	GlobalSection(ExtensibilityGlobals) = postSolution
		SolutionGuid = {27C27F62-8E02-4EFD-B0D8-04AF540D8409}
	EndGlobalSection
EndGlobal
